
Microsoft Visual Studio Solution File, Format Version 12.00
# Visual Studio Version 17
VisualStudioVersion = 17.7.34024.191
MinimumVisualStudioVersion = 10.0.40219.1
Project("{FAE04EC0-301F-11D3-BF4B-00C04F79EFBC}") = "OneWayLabyrinth", "OneWayLabyrinth.csproj", "{9ACB0B56-A73C-4848-B4DD-420E2623613C}"
EndProject
Global
	GlobalSection(SolutionConfigurationPlatforms) = preSolution
		Debug|Any CPU = Debug|Any CPU
		Release|Any CPU = Release|Any CPU
	EndGlobalSection
	GlobalSection(ProjectConfigurationPlatforms) = postSolution
		{9ACB0B56-A73C-4848-B4DD-420E2623613C}.Debug|Any CPU.ActiveCfg = Debug|Any CPU
		{9ACB0B56-A73C-4848-B4DD-420E2623613C}.Debug|Any CPU.Build.0 = Debug|Any CPU
		{9ACB0B56-A73C-4848-B4DD-420E2623613C}.Release|Any CPU.ActiveCfg = Release|Any CPU
		{9ACB0B56-A73C-4848-B4DD-420E2623613C}.Release|Any CPU.Build.0 = Release|Any CPU
	EndGlobalSection
	GlobalSection(SolutionProperties) = preSolution
		HideSolutionNode = FALSE
	EndGlobalSection
	GlobalSection(ExtensibilityGlobals) = postSolution
		SolutionGuid = {651AF666-7A83-44B7-96B5-9CD850F33D77}
	EndGlobalSection
EndGlobal
